
Microsoft Visual Studio Solution File, Format Version 12.00
# Visual Studio Version 17
VisualStudioVersion = 17.14.36121.58
MinimumVisualStudioVersion = 10.0.40219.1
Project("{FAE04EC0-301F-11D3-BF4B-00C04F79EFBC}") = "LCP_280", "LCP-280\LCP_280.csproj", "{232C1EAB-2B0B-46B5-8C6B-7FD38143F8FC}"
EndProject
Project("{FAE04EC0-301F-11D3-BF4B-00C04F79EFBC}") = "QMC.LCP_280.Process", "QMC.LCP_280.Process\QMC.LCP_280.Process.csproj", "{30BAB886-9728-47E2-948F-770DB66715BE}"
	ProjectSection(ProjectDependencies) = postProject
		{232C1EAB-2B0B-46B5-8C6B-7FD38143F8FC} = {232C1EAB-2B0B-46B5-8C6B-7FD38143F8FC}
	EndProjectSection
EndProject
Project("{FAE04EC0-301F-11D3-BF4B-00C04F79EFBC}") = "QMC.Common", "QMC.Common\QMC.Common.csproj", "{457920BD-BBAE-447E-8AB0-A03F4722275C}"
EndProject
Global
	GlobalSection(SolutionConfigurationPlatforms) = preSolution
		Debug|Any CPU = Debug|Any CPU
		Debug|ARM64 = Debug|ARM64
		Debug|x64 = Debug|x64
		Debug|x86 = Debug|x86
		Release|Any CPU = Release|Any CPU
		Release|ARM64 = Release|ARM64
		Release|x64 = Release|x64
		Release|x86 = Release|x86
	EndGlobalSection
	GlobalSection(ProjectConfigurationPlatforms) = postSolution
		{232C1EAB-2B0B-46B5-8C6B-7FD38143F8FC}.Debug|Any CPU.ActiveCfg = Debug|Any CPU
		{232C1EAB-2B0B-46B5-8C6B-7FD38143F8FC}.Debug|Any CPU.Build.0 = Debug|Any CPU
		{232C1EAB-2B0B-46B5-8C6B-7FD38143F8FC}.Debug|ARM64.ActiveCfg = Debug|ARM64
		{232C1EAB-2B0B-46B5-8C6B-7FD38143F8FC}.Debug|ARM64.Build.0 = Debug|ARM64
		{232C1EAB-2B0B-46B5-8C6B-7FD38143F8FC}.Debug|x64.ActiveCfg = Debug|x64
		{232C1EAB-2B0B-46B5-8C6B-7FD38143F8FC}.Debug|x64.Build.0 = Debug|x64
		{232C1EAB-2B0B-46B5-8C6B-7FD38143F8FC}.Debug|x86.ActiveCfg = Debug|x86
		{232C1EAB-2B0B-46B5-8C6B-7FD38143F8FC}.Debug|x86.Build.0 = Debug|x86
		{232C1EAB-2B0B-46B5-8C6B-7FD38143F8FC}.Release|Any CPU.ActiveCfg = Release|Any CPU
		{232C1EAB-2B0B-46B5-8C6B-7FD38143F8FC}.Release|Any CPU.Build.0 = Release|Any CPU
		{232C1EAB-2B0B-46B5-8C6B-7FD38143F8FC}.Release|ARM64.ActiveCfg = Release|ARM64
		{232C1EAB-2B0B-46B5-8C6B-7FD38143F8FC}.Release|ARM64.Build.0 = Release|ARM64
		{232C1EAB-2B0B-46B5-8C6B-7FD38143F8FC}.Release|x64.ActiveCfg = Release|x64
		{232C1EAB-2B0B-46B5-8C6B-7FD38143F8FC}.Release|x64.Build.0 = Release|x64
		{232C1EAB-2B0B-46B5-8C6B-7FD38143F8FC}.Release|x86.ActiveCfg = Release|x86
		{232C1EAB-2B0B-46B5-8C6B-7FD38143F8FC}.Release|x86.Build.0 = Release|x86
		{30BAB886-9728-47E2-948F-770DB66715BE}.Debug|Any CPU.ActiveCfg = Debug|Any CPU
		{30BAB886-9728-47E2-948F-770DB66715BE}.Debug|Any CPU.Build.0 = Debug|Any CPU
		{30BAB886-9728-47E2-948F-770DB66715BE}.Debug|ARM64.ActiveCfg = Debug|ARM64
		{30BAB886-9728-47E2-948F-770DB66715BE}.Debug|ARM64.Build.0 = Debug|ARM64
		{30BAB886-9728-47E2-948F-770DB66715BE}.Debug|x64.ActiveCfg = Debug|x64
		{30BAB886-9728-47E2-948F-770DB66715BE}.Debug|x64.Build.0 = Debug|x64
		{30BAB886-9728-47E2-948F-770DB66715BE}.Debug|x86.ActiveCfg = Debug|x86
		{30BAB886-9728-47E2-948F-770DB66715BE}.Debug|x86.Build.0 = Debug|x86
		{30BAB886-9728-47E2-948F-770DB66715BE}.Release|Any CPU.ActiveCfg = Release|Any CPU
		{30BAB886-9728-47E2-948F-770DB66715BE}.Release|Any CPU.Build.0 = Release|Any CPU
		{30BAB886-9728-47E2-948F-770DB66715BE}.Release|ARM64.ActiveCfg = Release|ARM64
		{30BAB886-9728-47E2-948F-770DB66715BE}.Release|ARM64.Build.0 = Release|ARM64
		{30BAB886-9728-47E2-948F-770DB66715BE}.Release|x64.ActiveCfg = Release|x64
		{30BAB886-9728-47E2-948F-770DB66715BE}.Release|x64.Build.0 = Release|x64
		{30BAB886-9728-47E2-948F-770DB66715BE}.Release|x86.ActiveCfg = Release|x86
		{30BAB886-9728-47E2-948F-770DB66715BE}.Release|x86.Build.0 = Release|x86
		{457920BD-BBAE-447E-8AB0-A03F4722275C}.Debug|Any CPU.ActiveCfg = Debug|Any CPU
		{457920BD-BBAE-447E-8AB0-A03F4722275C}.Debug|Any CPU.Build.0 = Debug|Any CPU
		{457920BD-BBAE-447E-8AB0-A03F4722275C}.Debug|ARM64.ActiveCfg = Debug|ARM64
		{457920BD-BBAE-447E-8AB0-A03F4722275C}.Debug|ARM64.Build.0 = Debug|ARM64
		{457920BD-BBAE-447E-8AB0-A03F4722275C}.Debug|x64.ActiveCfg = Debug|x64
		{457920BD-BBAE-447E-8AB0-A03F4722275C}.Debug|x64.Build.0 = Debug|x64
		{457920BD-BBAE-447E-8AB0-A03F4722275C}.Debug|x86.ActiveCfg = Debug|x86
		{457920BD-BBAE-447E-8AB0-A03F4722275C}.Debug|x86.Build.0 = Debug|x86
		{457920BD-BBAE-447E-8AB0-A03F4722275C}.Release|Any CPU.ActiveCfg = Release|Any CPU
		{457920BD-BBAE-447E-8AB0-A03F4722275C}.Release|Any CPU.Build.0 = Release|Any CPU
		{457920BD-BBAE-447E-8AB0-A03F4722275C}.Release|ARM64.ActiveCfg = Release|ARM64
		{457920BD-BBAE-447E-8AB0-A03F4722275C}.Release|ARM64.Build.0 = Release|ARM64
		{457920BD-BBAE-447E-8AB0-A03F4722275C}.Release|x64.ActiveCfg = Release|x64
		{457920BD-BBAE-447E-8AB0-A03F4722275C}.Release|x64.Build.0 = Release|x64
		{457920BD-BBAE-447E-8AB0-A03F4722275C}.Release|x86.ActiveCfg = Release|x86
		{457920BD-BBAE-447E-8AB0-A03F4722275C}.Release|x86.Build.0 = Release|x86
	EndGlobalSection
	GlobalSection(SolutionProperties) = preSolution
		HideSolutionNode = FALSE
	EndGlobalSection
	GlobalSection(ExtensibilityGlobals) = postSolution
		SolutionGuid = {9CE3A1A3-FD20-4488-8D55-B567F2C143B9}
	EndGlobalSection
EndGlobal
